
Microsoft Visual Studio Solution File, Format Version 12.00
# Visual Studio Version 16
VisualStudioVersion = 16.0.29025.244
MinimumVisualStudioVersion = 10.0.40219.1
Project("{2150E333-8FDC-42A3-9474-1A3956D46DE8}") = "01.Domain", "01.Domain", "{F66EB9D0-7DBF-46AE-9A2A-A61C0BC2F4E9}"
EndProject
Project("{2150E333-8FDC-42A3-9474-1A3956D46DE8}") = "02.Service", "02.Service", "{5E959B6F-8D03-4192-8238-B7EEBA505217}"
EndProject
Project("{2150E333-8FDC-42A3-9474-1A3956D46DE8}") = "03.UI", "03.UI", "{99638935-715B-49A0-A447-920485C4BC20}"
EndProject
Project("{2150E333-8FDC-42A3-9474-1A3956D46DE8}") = "04.Tool", "04.Tool", "{DFEA878C-5CD8-4CD8-84F0-F8A244F9649C}"
EndProject
Project("{FAE04EC0-301F-11D3-BF4B-00C04F79EFBC}") = "HJC.James.Domain", "HJC.James.Domain\HJC.James.Domain.csproj", "{182EFC53-6EA4-4FCF-B4AC-9E77A08456ED}"
EndProject
Project("{FAE04EC0-301F-11D3-BF4B-00C04F79EFBC}") = "HJC.James.Dto", "HJC.James.Dto\HJC.James.Dto.csproj", "{9F73340E-D3D5-466E-A1A0-D0ADE4035B94}"
EndProject
Project("{FAE04EC0-301F-11D3-BF4B-00C04F79EFBC}") = "HJC.James.Service", "HJC.James.Service\HJC.James.Service.csproj", "{6B34E9E1-918B-4D84-A13E-5E26C77EF143}"
EndProject
Project("{FAE04EC0-301F-11D3-BF4B-00C04F79EFBC}") = "HJC.James.Manager", "HJC.James.Manager\HJC.James.Manager.csproj", "{90DF7DB2-0202-4F09-B3D4-01643219BF66}"
EndProject
Project("{FAE04EC0-301F-11D3-BF4B-00C04F79EFBC}") = "HJC.James.Common", "HJC.James.Common\HJC.James.Common.csproj", "{58F45264-765C-4608-B14C-12A9FAE5979F}"
EndProject
Project("{FAE04EC0-301F-11D3-BF4B-00C04F79EFBC}") = "HJC.James.SyncJob", "HJC.James.SyncJob\HJC.James.SyncJob.csproj", "{21001D04-691E-425E-8FBF-1433B47886D0}"
EndProject
Global
	GlobalSection(SolutionConfigurationPlatforms) = preSolution
		Debug|Any CPU = Debug|Any CPU
		Release|Any CPU = Release|Any CPU
	EndGlobalSection
	GlobalSection(ProjectConfigurationPlatforms) = postSolution
		{182EFC53-6EA4-4FCF-B4AC-9E77A08456ED}.Debug|Any CPU.ActiveCfg = Debug|Any CPU
		{182EFC53-6EA4-4FCF-B4AC-9E77A08456ED}.Debug|Any CPU.Build.0 = Debug|Any CPU
		{182EFC53-6EA4-4FCF-B4AC-9E77A08456ED}.Release|Any CPU.ActiveCfg = Release|Any CPU
		{182EFC53-6EA4-4FCF-B4AC-9E77A08456ED}.Release|Any CPU.Build.0 = Release|Any CPU
		{9F73340E-D3D5-466E-A1A0-D0ADE4035B94}.Debug|Any CPU.ActiveCfg = Debug|Any CPU
		{9F73340E-D3D5-466E-A1A0-D0ADE4035B94}.Debug|Any CPU.Build.0 = Debug|Any CPU
		{9F73340E-D3D5-466E-A1A0-D0ADE4035B94}.Release|Any CPU.ActiveCfg = Release|Any CPU
		{9F73340E-D3D5-466E-A1A0-D0ADE4035B94}.Release|Any CPU.Build.0 = Release|Any CPU
		{6B34E9E1-918B-4D84-A13E-5E26C77EF143}.Debug|Any CPU.ActiveCfg = Debug|Any CPU
		{6B34E9E1-918B-4D84-A13E-5E26C77EF143}.Debug|Any CPU.Build.0 = Debug|Any CPU
		{6B34E9E1-918B-4D84-A13E-5E26C77EF143}.Release|Any CPU.ActiveCfg = Release|Any CPU
		{6B34E9E1-918B-4D84-A13E-5E26C77EF143}.Release|Any CPU.Build.0 = Release|Any CPU
		{90DF7DB2-0202-4F09-B3D4-01643219BF66}.Debug|Any CPU.ActiveCfg = Debug|Any CPU
		{90DF7DB2-0202-4F09-B3D4-01643219BF66}.Debug|Any CPU.Build.0 = Debug|Any CPU
		{90DF7DB2-0202-4F09-B3D4-01643219BF66}.Release|Any CPU.ActiveCfg = Release|Any CPU
		{90DF7DB2-0202-4F09-B3D4-01643219BF66}.Release|Any CPU.Build.0 = Release|Any CPU
		{58F45264-765C-4608-B14C-12A9FAE5979F}.Debug|Any CPU.ActiveCfg = Debug|Any CPU
		{58F45264-765C-4608-B14C-12A9FAE5979F}.Debug|Any CPU.Build.0 = Debug|Any CPU
		{58F45264-765C-4608-B14C-12A9FAE5979F}.Release|Any CPU.ActiveCfg = Release|Any CPU
		{58F45264-765C-4608-B14C-12A9FAE5979F}.Release|Any CPU.Build.0 = Release|Any CPU
		{21001D04-691E-425E-8FBF-1433B47886D0}.Debug|Any CPU.ActiveCfg = Debug|Any CPU
		{21001D04-691E-425E-8FBF-1433B47886D0}.Debug|Any CPU.Build.0 = Debug|Any CPU
		{21001D04-691E-425E-8FBF-1433B47886D0}.Release|Any CPU.ActiveCfg = Release|Any CPU
		{21001D04-691E-425E-8FBF-1433B47886D0}.Release|Any CPU.Build.0 = Release|Any CPU
	EndGlobalSection
	GlobalSection(SolutionProperties) = preSolution
		HideSolutionNode = FALSE
	EndGlobalSection
	GlobalSection(NestedProjects) = preSolution
		{182EFC53-6EA4-4FCF-B4AC-9E77A08456ED} = {F66EB9D0-7DBF-46AE-9A2A-A61C0BC2F4E9}
		{9F73340E-D3D5-466E-A1A0-D0ADE4035B94} = {F66EB9D0-7DBF-46AE-9A2A-A61C0BC2F4E9}
		{6B34E9E1-918B-4D84-A13E-5E26C77EF143} = {5E959B6F-8D03-4192-8238-B7EEBA505217}
		{90DF7DB2-0202-4F09-B3D4-01643219BF66} = {99638935-715B-49A0-A447-920485C4BC20}
		{58F45264-765C-4608-B14C-12A9FAE5979F} = {DFEA878C-5CD8-4CD8-84F0-F8A244F9649C}
		{21001D04-691E-425E-8FBF-1433B47886D0} = {DFEA878C-5CD8-4CD8-84F0-F8A244F9649C}
	EndGlobalSection
	GlobalSection(ExtensibilityGlobals) = postSolution
		SolutionGuid = {AFEEF918-4696-4FB4-9DB1-ADD4E8A402F9}
	EndGlobalSection
EndGlobal
